// !$*UTF8*$!
{
	archiveVersion = 1;
	classes = {
	};
	objectVersion = 55;
	objects = {

/* Begin PBXBuildFile section */
		7E7851CC29A93554009D2C09 /* lgc.h in Headers */ = {isa = PBXBuildFile; fileRef = 7E7851B129A93554009D2C09 /* lgc.h */; settings = {ATTRIBUTES = (Public, ); }; };
		7E7851CD29A93554009D2C09 /* lparser.h in Headers */ = {isa = PBXBuildFile; fileRef = 7E7851B229A93554009D2C09 /* lparser.h */; settings = {ATTRIBUTES = (Public, ); }; };
		7E7851CE29A93554009D2C09 /* lua.h in Headers */ = {isa = PBXBuildFile; fileRef = 7E7851B329A93554009D2C09 /* lua.h */; settings = {ATTRIBUTES = (Public, ); }; };
		7E7851CF29A93554009D2C09 /* lfunc.h in Headers */ = {isa = PBXBuildFile; fileRef = 7E7851B429A93554009D2C09 /* lfunc.h */; settings = {ATTRIBUTES = (Public, ); }; };
		7E7851D029A93554009D2C09 /* lstring.h in Headers */ = {isa = PBXBuildFile; fileRef = 7E7851B529A93554009D2C09 /* lstring.h */; settings = {ATTRIBUTES = (Public, ); }; };
		7E7851D129A93554009D2C09 /* lopcodes.h in Headers */ = {isa = PBXBuildFile; fileRef = 7E7851B629A93554009D2C09 /* lopcodes.h */; settings = {ATTRIBUTES = (Public, ); }; };
		7E7851D229A93554009D2C09 /* lctype.h in Headers */ = {isa = PBXBuildFile; fileRef = 7E7851B729A93554009D2C09 /* lctype.h */; settings = {ATTRIBUTES = (Public, ); }; };
		7E7851D329A93554009D2C09 /* ldebug.h in Headers */ = {isa = PBXBuildFile; fileRef = 7E7851B829A93554009D2C09 /* ldebug.h */; settings = {ATTRIBUTES = (Public, ); }; };
		7E7851D429A93554009D2C09 /* lobject.h in Headers */ = {isa = PBXBuildFile; fileRef = 7E7851B929A93554009D2C09 /* lobject.h */; settings = {ATTRIBUTES = (Public, ); }; };
		7E7851D529A93554009D2C09 /* ltable.h in Headers */ = {isa = PBXBuildFile; fileRef = 7E7851BA29A93554009D2C09 /* ltable.h */; settings = {ATTRIBUTES = (Public, ); }; };
		7E7851D629A93554009D2C09 /* llex.h in Headers */ = {isa = PBXBuildFile; fileRef = 7E7851BB29A93554009D2C09 /* llex.h */; settings = {ATTRIBUTES = (Public, ); }; };
		7E7851D729A93554009D2C09 /* lprefix.h in Headers */ = {isa = PBXBuildFile; fileRef = 7E7851BC29A93554009D2C09 /* lprefix.h */; settings = {ATTRIBUTES = (Public, ); }; };
		7E7851D829A93554009D2C09 /* llimits.h in Headers */ = {isa = PBXBuildFile; fileRef = 7E7851BD29A93554009D2C09 /* llimits.h */; settings = {ATTRIBUTES = (Public, ); }; };
		7E7851D929A93554009D2C09 /* lualib.h in Headers */ = {isa = PBXBuildFile; fileRef = 7E7851BE29A93554009D2C09 /* lualib.h */; settings = {ATTRIBUTES = (Public, ); }; };
		7E7851DA29A93554009D2C09 /* lundump.h in Headers */ = {isa = PBXBuildFile; fileRef = 7E7851BF29A93554009D2C09 /* lundump.h */; settings = {ATTRIBUTES = (Public, ); }; };
		7E7851DB29A93554009D2C09 /* luaconf.h in Headers */ = {isa = PBXBuildFile; fileRef = 7E7851C029A93554009D2C09 /* luaconf.h */; settings = {ATTRIBUTES = (Public, ); }; };
		7E7851DC29A93554009D2C09 /* lcode.h in Headers */ = {isa = PBXBuildFile; fileRef = 7E7851C129A93554009D2C09 /* lcode.h */; settings = {ATTRIBUTES = (Public, ); }; };
		7E7851DD29A93554009D2C09 /* lstate.h in Headers */ = {isa = PBXBuildFile; fileRef = 7E7851C229A93554009D2C09 /* lstate.h */; settings = {ATTRIBUTES = (Public, ); }; };
		7E7851DE29A93554009D2C09 /* lzio.h in Headers */ = {isa = PBXBuildFile; fileRef = 7E7851C329A93554009D2C09 /* lzio.h */; settings = {ATTRIBUTES = (Public, ); }; };
		7E7851DF29A93554009D2C09 /* ltm.h in Headers */ = {isa = PBXBuildFile; fileRef = 7E7851C429A93554009D2C09 /* ltm.h */; settings = {ATTRIBUTES = (Public, ); }; };
		7E7851E029A93554009D2C09 /* ljumptab.h in Headers */ = {isa = PBXBuildFile; fileRef = 7E7851C529A93554009D2C09 /* ljumptab.h */; settings = {ATTRIBUTES = (Public, ); }; };
		7E7851E129A93554009D2C09 /* ldo.h in Headers */ = {isa = PBXBuildFile; fileRef = 7E7851C629A93554009D2C09 /* ldo.h */; settings = {ATTRIBUTES = (Public, ); }; };
		7E7851E229A93554009D2C09 /* lopnames.h in Headers */ = {isa = PBXBuildFile; fileRef = 7E7851C729A93554009D2C09 /* lopnames.h */; settings = {ATTRIBUTES = (Public, ); }; };
		7E7851E329A93554009D2C09 /* lmem.h in Headers */ = {isa = PBXBuildFile; fileRef = 7E7851C829A93554009D2C09 /* lmem.h */; settings = {ATTRIBUTES = (Public, ); }; };
		7E7851E429A93554009D2C09 /* lvm.h in Headers */ = {isa = PBXBuildFile; fileRef = 7E7851C929A93554009D2C09 /* lvm.h */; settings = {ATTRIBUTES = (Public, ); }; };
		7E7851E529A93554009D2C09 /* lauxlib.h in Headers */ = {isa = PBXBuildFile; fileRef = 7E7851CA29A93554009D2C09 /* lauxlib.h */; settings = {ATTRIBUTES = (Public, ); }; };
		7E7851E629A93554009D2C09 /* lapi.h in Headers */ = {isa = PBXBuildFile; fileRef = 7E7851CB29A93554009D2C09 /* lapi.h */; settings = {ATTRIBUTES = (Public, ); }; };
		7E7851E829A93568009D2C09 /* lua.hpp in Headers */ = {isa = PBXBuildFile; fileRef = 7E7851E729A93568009D2C09 /* lua.hpp */; settings = {ATTRIBUTES = (Public, ); }; };
		7E78520929A93582009D2C09 /* llex.c in Sources */ = {isa = PBXBuildFile; fileRef = 7E7851E929A93580009D2C09 /* llex.c */; };
		7E78520A29A93582009D2C09 /* lctype.c in Sources */ = {isa = PBXBuildFile; fileRef = 7E7851EA29A93580009D2C09 /* lctype.c */; };
		7E78520B29A93582009D2C09 /* liolib.c in Sources */ = {isa = PBXBuildFile; fileRef = 7E7851EB29A93580009D2C09 /* liolib.c */; };
		7E78520C29A93582009D2C09 /* lfunc.c in Sources */ = {isa = PBXBuildFile; fileRef = 7E7851EC29A93581009D2C09 /* lfunc.c */; };
		7E78520D29A93582009D2C09 /* lmathlib.c in Sources */ = {isa = PBXBuildFile; fileRef = 7E7851ED29A93581009D2C09 /* lmathlib.c */; };
		7E78520E29A93582009D2C09 /* lcorolib.c in Sources */ = {isa = PBXBuildFile; fileRef = 7E7851EE29A93581009D2C09 /* lcorolib.c */; };
		7E78520F29A93582009D2C09 /* loadlib.c in Sources */ = {isa = PBXBuildFile; fileRef = 7E7851EF29A93581009D2C09 /* loadlib.c */; };
		7E78521029A93582009D2C09 /* ldblib.c in Sources */ = {isa = PBXBuildFile; fileRef = 7E7851F029A93581009D2C09 /* ldblib.c */; };
		7E78521129A93582009D2C09 /* ldump.c in Sources */ = {isa = PBXBuildFile; fileRef = 7E7851F129A93581009D2C09 /* ldump.c */; };
		7E78521229A93582009D2C09 /* ldebug.c in Sources */ = {isa = PBXBuildFile; fileRef = 7E7851F229A93581009D2C09 /* ldebug.c */; };
		7E78521329A93582009D2C09 /* lbaselib.c in Sources */ = {isa = PBXBuildFile; fileRef = 7E7851F329A93581009D2C09 /* lbaselib.c */; };
		7E78521429A93582009D2C09 /* lzio.c in Sources */ = {isa = PBXBuildFile; fileRef = 7E7851F429A93581009D2C09 /* lzio.c */; };
		7E78521529A93582009D2C09 /* lundump.c in Sources */ = {isa = PBXBuildFile; fileRef = 7E7851F529A93581009D2C09 /* lundump.c */; };
		7E78521629A93582009D2C09 /* ltm.c in Sources */ = {isa = PBXBuildFile; fileRef = 7E7851F629A93581009D2C09 /* ltm.c */; };
		7E78521729A93582009D2C09 /* lmem.c in Sources */ = {isa = PBXBuildFile; fileRef = 7E7851F729A93581009D2C09 /* lmem.c */; };
		7E78521829A93582009D2C09 /* lstrlib.c in Sources */ = {isa = PBXBuildFile; fileRef = 7E7851F829A93581009D2C09 /* lstrlib.c */; };
		7E78521929A93582009D2C09 /* lparser.c in Sources */ = {isa = PBXBuildFile; fileRef = 7E7851F929A93581009D2C09 /* lparser.c */; };
		7E78521A29A93582009D2C09 /* lapi.c in Sources */ = {isa = PBXBuildFile; fileRef = 7E7851FA29A93581009D2C09 /* lapi.c */; };
		7E78521B29A93582009D2C09 /* ltable.c in Sources */ = {isa = PBXBuildFile; fileRef = 7E7851FB29A93581009D2C09 /* ltable.c */; };
		7E78521C29A93582009D2C09 /* lutf8lib.c in Sources */ = {isa = PBXBuildFile; fileRef = 7E7851FC29A93581009D2C09 /* lutf8lib.c */; };
		7E78521D29A93582009D2C09 /* linit.c in Sources */ = {isa = PBXBuildFile; fileRef = 7E7851FD29A93581009D2C09 /* linit.c */; };
		7E78521E29A93582009D2C09 /* lstate.c in Sources */ = {isa = PBXBuildFile; fileRef = 7E7851FE29A93581009D2C09 /* lstate.c */; };
		7E78521F29A93582009D2C09 /* lvm.c in Sources */ = {isa = PBXBuildFile; fileRef = 7E7851FF29A93581009D2C09 /* lvm.c */; };
		7E78522029A93582009D2C09 /* lstring.c in Sources */ = {isa = PBXBuildFile; fileRef = 7E78520029A93581009D2C09 /* lstring.c */; };
		7E78522129A93582009D2C09 /* loslib.c in Sources */ = {isa = PBXBuildFile; fileRef = 7E78520129A93581009D2C09 /* loslib.c */; };
		7E78522229A93582009D2C09 /* lobject.c in Sources */ = {isa = PBXBuildFile; fileRef = 7E78520229A93581009D2C09 /* lobject.c */; };
		7E78522329A93582009D2C09 /* lcode.c in Sources */ = {isa = PBXBuildFile; fileRef = 7E78520329A93581009D2C09 /* lcode.c */; };
		7E78522429A93582009D2C09 /* lauxlib.c in Sources */ = {isa = PBXBuildFile; fileRef = 7E78520429A93581009D2C09 /* lauxlib.c */; };
		7E78522529A93582009D2C09 /* ldo.c in Sources */ = {isa = PBXBuildFile; fileRef = 7E78520529A93581009D2C09 /* ldo.c */; };
		7E78522629A93582009D2C09 /* ltablib.c in Sources */ = {isa = PBXBuildFile; fileRef = 7E78520629A93581009D2C09 /* ltablib.c */; };
		7E78522729A93582009D2C09 /* lopcodes.c in Sources */ = {isa = PBXBuildFile; fileRef = 7E78520729A93581009D2C09 /* lopcodes.c */; };
		7E78522829A93582009D2C09 /* lgc.c in Sources */ = {isa = PBXBuildFile; fileRef = 7E78520829A93582009D2C09 /* lgc.c */; };
		7E78523529A935C4009D2C09 /* lua.c in Sources */ = {isa = PBXBuildFile; fileRef = 7E78523429A935C4009D2C09 /* lua.c */; };
		7E78523729A935D4009D2C09 /* libLualib.a in Frameworks */ = {isa = PBXBuildFile; fileRef = 7E7851AC29A93527009D2C09 /* libLualib.a */; };
		7E78524429A9360D009D2C09 /* luac.c in Sources */ = {isa = PBXBuildFile; fileRef = 7E78524329A9360D009D2C09 /* luac.c */; };
		7E78524529A9361B009D2C09 /* libLualib.a in Frameworks */ = {isa = PBXBuildFile; fileRef = 7E7851AC29A93527009D2C09 /* libLualib.a */; };
/* End PBXBuildFile section */

/* Begin PBXCopyFilesBuildPhase section */
		7E78522B29A935AA009D2C09 /* CopyFiles */ = {
			isa = PBXCopyFilesBuildPhase;
			buildActionMask = 2147483647;
			dstPath = /usr/share/man/man1/;
			dstSubfolderSpec = 0;
			files = (
			);
			runOnlyForDeploymentPostprocessing = 1;
		};
		7E78523A29A935F8009D2C09 /* CopyFiles */ = {
			isa = PBXCopyFilesBuildPhase;
			buildActionMask = 2147483647;
			dstPath = /usr/share/man/man1/;
			dstSubfolderSpec = 0;
			files = (
			);
			runOnlyForDeploymentPostprocessing = 1;
		};
/* End PBXCopyFilesBuildPhase section */

/* Begin PBXFileReference section */
		7E7851AC29A93527009D2C09 /* libLualib.a */ = {isa = PBXFileReference; explicitFileType = archive.ar; includeInIndex = 0; path = libLualib.a; sourceTree = BUILT_PRODUCTS_DIR; };
		7E7851B129A93554009D2C09 /* lgc.h */ = {isa = PBXFileReference; lastKnownFileType = sourcecode.c.h; name = lgc.h; path = ../Lualib/src/lgc.h; sourceTree = "<group>"; };
		7E7851B229A93554009D2C09 /* lparser.h */ = {isa = PBXFileReference; lastKnownFileType = sourcecode.c.h; name = lparser.h; path = ../Lualib/src/lparser.h; sourceTree = "<group>"; };
		7E7851B329A93554009D2C09 /* lua.h */ = {isa = PBXFileReference; lastKnownFileType = sourcecode.c.h; name = lua.h; path = ../Lualib/src/lua.h; sourceTree = "<group>"; };
		7E7851B429A93554009D2C09 /* lfunc.h */ = {isa = PBXFileReference; lastKnownFileType = sourcecode.c.h; name = lfunc.h; path = ../Lualib/src/lfunc.h; sourceTree = "<group>"; };
		7E7851B529A93554009D2C09 /* lstring.h */ = {isa = PBXFileReference; lastKnownFileType = sourcecode.c.h; name = lstring.h; path = ../Lualib/src/lstring.h; sourceTree = "<group>"; };
		7E7851B629A93554009D2C09 /* lopcodes.h */ = {isa = PBXFileReference; lastKnownFileType = sourcecode.c.h; name = lopcodes.h; path = ../Lualib/src/lopcodes.h; sourceTree = "<group>"; };
		7E7851B729A93554009D2C09 /* lctype.h */ = {isa = PBXFileReference; lastKnownFileType = sourcecode.c.h; name = lctype.h; path = ../Lualib/src/lctype.h; sourceTree = "<group>"; };
		7E7851B829A93554009D2C09 /* ldebug.h */ = {isa = PBXFileReference; lastKnownFileType = sourcecode.c.h; name = ldebug.h; path = ../Lualib/src/ldebug.h; sourceTree = "<group>"; };
		7E7851B929A93554009D2C09 /* lobject.h */ = {isa = PBXFileReference; lastKnownFileType = sourcecode.c.h; name = lobject.h; path = ../Lualib/src/lobject.h; sourceTree = "<group>"; };
		7E7851BA29A93554009D2C09 /* ltable.h */ = {isa = PBXFileReference; lastKnownFileType = sourcecode.c.h; name = ltable.h; path = ../Lualib/src/ltable.h; sourceTree = "<group>"; };
		7E7851BB29A93554009D2C09 /* llex.h */ = {isa = PBXFileReference; lastKnownFileType = sourcecode.c.h; name = llex.h; path = ../Lualib/src/llex.h; sourceTree = "<group>"; };
		7E7851BC29A93554009D2C09 /* lprefix.h */ = {isa = PBXFileReference; lastKnownFileType = sourcecode.c.h; name = lprefix.h; path = ../Lualib/src/lprefix.h; sourceTree = "<group>"; };
		7E7851BD29A93554009D2C09 /* llimits.h */ = {isa = PBXFileReference; lastKnownFileType = sourcecode.c.h; name = llimits.h; path = ../Lualib/src/llimits.h; sourceTree = "<group>"; };
		7E7851BE29A93554009D2C09 /* lualib.h */ = {isa = PBXFileReference; lastKnownFileType = sourcecode.c.h; name = lualib.h; path = ../Lualib/src/lualib.h; sourceTree = "<group>"; };
		7E7851BF29A93554009D2C09 /* lundump.h */ = {isa = PBXFileReference; lastKnownFileType = sourcecode.c.h; name = lundump.h; path = ../Lualib/src/lundump.h; sourceTree = "<group>"; };
		7E7851C029A93554009D2C09 /* luaconf.h */ = {isa = PBXFileReference; lastKnownFileType = sourcecode.c.h; name = luaconf.h; path = ../Lualib/src/luaconf.h; sourceTree = "<group>"; };
		7E7851C129A93554009D2C09 /* lcode.h */ = {isa = PBXFileReference; lastKnownFileType = sourcecode.c.h; name = lcode.h; path = ../Lualib/src/lcode.h; sourceTree = "<group>"; };
		7E7851C229A93554009D2C09 /* lstate.h */ = {isa = PBXFileReference; lastKnownFileType = sourcecode.c.h; name = lstate.h; path = ../Lualib/src/lstate.h; sourceTree = "<group>"; };
		7E7851C329A93554009D2C09 /* lzio.h */ = {isa = PBXFileReference; lastKnownFileType = sourcecode.c.h; name = lzio.h; path = ../Lualib/src/lzio.h; sourceTree = "<group>"; };
		7E7851C429A93554009D2C09 /* ltm.h */ = {isa = PBXFileReference; lastKnownFileType = sourcecode.c.h; name = ltm.h; path = ../Lualib/src/ltm.h; sourceTree = "<group>"; };
		7E7851C529A93554009D2C09 /* ljumptab.h */ = {isa = PBXFileReference; lastKnownFileType = sourcecode.c.h; name = ljumptab.h; path = ../Lualib/src/ljumptab.h; sourceTree = "<group>"; };
		7E7851C629A93554009D2C09 /* ldo.h */ = {isa = PBXFileReference; lastKnownFileType = sourcecode.c.h; name = ldo.h; path = ../Lualib/src/ldo.h; sourceTree = "<group>"; };
		7E7851C729A93554009D2C09 /* lopnames.h */ = {isa = PBXFileReference; lastKnownFileType = sourcecode.c.h; name = lopnames.h; path = ../Lualib/src/lopnames.h; sourceTree = "<group>"; };
		7E7851C829A93554009D2C09 /* lmem.h */ = {isa = PBXFileReference; lastKnownFileType = sourcecode.c.h; name = lmem.h; path = ../Lualib/src/lmem.h; sourceTree = "<group>"; };
		7E7851C929A93554009D2C09 /* lvm.h */ = {isa = PBXFileReference; lastKnownFileType = sourcecode.c.h; name = lvm.h; path = ../Lualib/src/lvm.h; sourceTree = "<group>"; };
		7E7851CA29A93554009D2C09 /* lauxlib.h */ = {isa = PBXFileReference; lastKnownFileType = sourcecode.c.h; name = lauxlib.h; path = ../Lualib/src/lauxlib.h; sourceTree = "<group>"; };
		7E7851CB29A93554009D2C09 /* lapi.h */ = {isa = PBXFileReference; lastKnownFileType = sourcecode.c.h; name = lapi.h; path = ../Lualib/src/lapi.h; sourceTree = "<group>"; };
		7E7851E729A93568009D2C09 /* lua.hpp */ = {isa = PBXFileReference; lastKnownFileType = sourcecode.cpp.h; name = lua.hpp; path = ../Lualib/src/lua.hpp; sourceTree = "<group>"; };
		7E7851E929A93580009D2C09 /* llex.c */ = {isa = PBXFileReference; lastKnownFileType = sourcecode.c.c; name = llex.c; path = ../Lualib/src/llex.c; sourceTree = "<group>"; };
		7E7851EA29A93580009D2C09 /* lctype.c */ = {isa = PBXFileReference; lastKnownFileType = sourcecode.c.c; name = lctype.c; path = ../Lualib/src/lctype.c; sourceTree = "<group>"; };
		7E7851EB29A93580009D2C09 /* liolib.c */ = {isa = PBXFileReference; lastKnownFileType = sourcecode.c.c; name = liolib.c; path = ../Lualib/src/liolib.c; sourceTree = "<group>"; };
		7E7851EC29A93581009D2C09 /* lfunc.c */ = {isa = PBXFileReference; lastKnownFileType = sourcecode.c.c; name = lfunc.c; path = ../Lualib/src/lfunc.c; sourceTree = "<group>"; };
		7E7851ED29A93581009D2C09 /* lmathlib.c */ = {isa = PBXFileReference; lastKnownFileType = sourcecode.c.c; name = lmathlib.c; path = ../Lualib/src/lmathlib.c; sourceTree = "<group>"; };
		7E7851EE29A93581009D2C09 /* lcorolib.c */ = {isa = PBXFileReference; lastKnownFileType = sourcecode.c.c; name = lcorolib.c; path = ../Lualib/src/lcorolib.c; sourceTree = "<group>"; };
		7E7851EF29A93581009D2C09 /* loadlib.c */ = {isa = PBXFileReference; lastKnownFileType = sourcecode.c.c; name = loadlib.c; path = ../Lualib/src/loadlib.c; sourceTree = "<group>"; };
		7E7851F029A93581009D2C09 /* ldblib.c */ = {isa = PBXFileReference; lastKnownFileType = sourcecode.c.c; name = ldblib.c; path = ../Lualib/src/ldblib.c; sourceTree = "<group>"; };
		7E7851F129A93581009D2C09 /* ldump.c */ = {isa = PBXFileReference; lastKnownFileType = sourcecode.c.c; name = ldump.c; path = ../Lualib/src/ldump.c; sourceTree = "<group>"; };
		7E7851F229A93581009D2C09 /* ldebug.c */ = {isa = PBXFileReference; lastKnownFileType = sourcecode.c.c; name = ldebug.c; path = ../Lualib/src/ldebug.c; sourceTree = "<group>"; };
		7E7851F329A93581009D2C09 /* lbaselib.c */ = {isa = PBXFileReference; lastKnownFileType = sourcecode.c.c; name = lbaselib.c; path = ../Lualib/src/lbaselib.c; sourceTree = "<group>"; };
		7E7851F429A93581009D2C09 /* lzio.c */ = {isa = PBXFileReference; lastKnownFileType = sourcecode.c.c; name = lzio.c; path = ../Lualib/src/lzio.c; sourceTree = "<group>"; };
		7E7851F529A93581009D2C09 /* lundump.c */ = {isa = PBXFileReference; lastKnownFileType = sourcecode.c.c; name = lundump.c; path = ../Lualib/src/lundump.c; sourceTree = "<group>"; };
		7E7851F629A93581009D2C09 /* ltm.c */ = {isa = PBXFileReference; lastKnownFileType = sourcecode.c.c; name = ltm.c; path = ../Lualib/src/ltm.c; sourceTree = "<group>"; };
		7E7851F729A93581009D2C09 /* lmem.c */ = {isa = PBXFileReference; lastKnownFileType = sourcecode.c.c; name = lmem.c; path = ../Lualib/src/lmem.c; sourceTree = "<group>"; };
		7E7851F829A93581009D2C09 /* lstrlib.c */ = {isa = PBXFileReference; lastKnownFileType = sourcecode.c.c; name = lstrlib.c; path = ../Lualib/src/lstrlib.c; sourceTree = "<group>"; };
		7E7851F929A93581009D2C09 /* lparser.c */ = {isa = PBXFileReference; lastKnownFileType = sourcecode.c.c; name = lparser.c; path = ../Lualib/src/lparser.c; sourceTree = "<group>"; };
		7E7851FA29A93581009D2C09 /* lapi.c */ = {isa = PBXFileReference; lastKnownFileType = sourcecode.c.c; name = lapi.c; path = ../Lualib/src/lapi.c; sourceTree = "<group>"; };
		7E7851FB29A93581009D2C09 /* ltable.c */ = {isa = PBXFileReference; lastKnownFileType = sourcecode.c.c; name = ltable.c; path = ../Lualib/src/ltable.c; sourceTree = "<group>"; };
		7E7851FC29A93581009D2C09 /* lutf8lib.c */ = {isa = PBXFileReference; lastKnownFileType = sourcecode.c.c; name = lutf8lib.c; path = ../Lualib/src/lutf8lib.c; sourceTree = "<group>"; };
		7E7851FD29A93581009D2C09 /* linit.c */ = {isa = PBXFileReference; lastKnownFileType = sourcecode.c.c; name = linit.c; path = ../Lualib/src/linit.c; sourceTree = "<group>"; };
		7E7851FE29A93581009D2C09 /* lstate.c */ = {isa = PBXFileReference; lastKnownFileType = sourcecode.c.c; name = lstate.c; path = ../Lualib/src/lstate.c; sourceTree = "<group>"; };
		7E7851FF29A93581009D2C09 /* lvm.c */ = {isa = PBXFileReference; lastKnownFileType = sourcecode.c.c; name = lvm.c; path = ../Lualib/src/lvm.c; sourceTree = "<group>"; };
		7E78520029A93581009D2C09 /* lstring.c */ = {isa = PBXFileReference; lastKnownFileType = sourcecode.c.c; name = lstring.c; path = ../Lualib/src/lstring.c; sourceTree = "<group>"; };
		7E78520129A93581009D2C09 /* loslib.c */ = {isa = PBXFileReference; lastKnownFileType = sourcecode.c.c; name = loslib.c; path = ../Lualib/src/loslib.c; sourceTree = "<group>"; };
		7E78520229A93581009D2C09 /* lobject.c */ = {isa = PBXFileReference; lastKnownFileType = sourcecode.c.c; name = lobject.c; path = ../Lualib/src/lobject.c; sourceTree = "<group>"; };
		7E78520329A93581009D2C09 /* lcode.c */ = {isa = PBXFileReference; lastKnownFileType = sourcecode.c.c; name = lcode.c; path = ../Lualib/src/lcode.c; sourceTree = "<group>"; };
		7E78520429A93581009D2C09 /* lauxlib.c */ = {isa = PBXFileReference; lastKnownFileType = sourcecode.c.c; name = lauxlib.c; path = ../Lualib/src/lauxlib.c; sourceTree = "<group>"; };
		7E78520529A93581009D2C09 /* ldo.c */ = {isa = PBXFileReference; lastKnownFileType = sourcecode.c.c; name = ldo.c; path = ../Lualib/src/ldo.c; sourceTree = "<group>"; };
		7E78520629A93581009D2C09 /* ltablib.c */ = {isa = PBXFileReference; lastKnownFileType = sourcecode.c.c; name = ltablib.c; path = ../Lualib/src/ltablib.c; sourceTree = "<group>"; };
		7E78520729A93581009D2C09 /* lopcodes.c */ = {isa = PBXFileReference; lastKnownFileType = sourcecode.c.c; name = lopcodes.c; path = ../Lualib/src/lopcodes.c; sourceTree = "<group>"; };
		7E78520829A93582009D2C09 /* lgc.c */ = {isa = PBXFileReference; lastKnownFileType = sourcecode.c.c; name = lgc.c; path = ../Lualib/src/lgc.c; sourceTree = "<group>"; };
		7E78522D29A935AA009D2C09 /* Lua */ = {isa = PBXFileReference; explicitFileType = "compiled.mach-o.executable"; includeInIndex = 0; path = Lua; sourceTree = BUILT_PRODUCTS_DIR; };
		7E78523429A935C4009D2C09 /* lua.c */ = {isa = PBXFileReference; lastKnownFileType = sourcecode.c.c; name = lua.c; path = ../Lua/src/lua.c; sourceTree = "<group>"; };
		7E78523C29A935F8009D2C09 /* Luac */ = {isa = PBXFileReference; explicitFileType = "compiled.mach-o.executable"; includeInIndex = 0; path = Luac; sourceTree = BUILT_PRODUCTS_DIR; };
		7E78524329A9360D009D2C09 /* luac.c */ = {isa = PBXFileReference; lastKnownFileType = sourcecode.c.c; name = luac.c; path = ../Luac/src/luac.c; sourceTree = "<group>"; };
/* End PBXFileReference section */

/* Begin PBXFrameworksBuildPhase section */
		7E7851AA29A93527009D2C09 /* Frameworks */ = {
			isa = PBXFrameworksBuildPhase;
			buildActionMask = 2147483647;
			files = (
			);
			runOnlyForDeploymentPostprocessing = 0;
		};
		7E78522A29A935AA009D2C09 /* Frameworks */ = {
			isa = PBXFrameworksBuildPhase;
			buildActionMask = 2147483647;
			files = (
				7E78523729A935D4009D2C09 /* libLualib.a in Frameworks */,
			);
			runOnlyForDeploymentPostprocessing = 0;
		};
		7E78523929A935F8009D2C09 /* Frameworks */ = {
			isa = PBXFrameworksBuildPhase;
			buildActionMask = 2147483647;
			files = (
				7E78524529A9361B009D2C09 /* libLualib.a in Frameworks */,
			);
			runOnlyForDeploymentPostprocessing = 0;
		};
/* End PBXFrameworksBuildPhase section */

/* Begin PBXGroup section */
		7E7851A129A93510009D2C09 = {
			isa = PBXGroup;
			children = (
				7E78524329A9360D009D2C09 /* luac.c */,
				7E78523429A935C4009D2C09 /* lua.c */,
				7E7851FA29A93581009D2C09 /* lapi.c */,
				7E78520429A93581009D2C09 /* lauxlib.c */,
				7E7851F329A93581009D2C09 /* lbaselib.c */,
				7E78520329A93581009D2C09 /* lcode.c */,
				7E7851EE29A93581009D2C09 /* lcorolib.c */,
				7E7851EA29A93580009D2C09 /* lctype.c */,
				7E7851F029A93581009D2C09 /* ldblib.c */,
				7E7851F229A93581009D2C09 /* ldebug.c */,
				7E78520529A93581009D2C09 /* ldo.c */,
				7E7851F129A93581009D2C09 /* ldump.c */,
				7E7851EC29A93581009D2C09 /* lfunc.c */,
				7E78520829A93582009D2C09 /* lgc.c */,
				7E7851FD29A93581009D2C09 /* linit.c */,
				7E7851EB29A93580009D2C09 /* liolib.c */,
				7E7851E929A93580009D2C09 /* llex.c */,
				7E7851ED29A93581009D2C09 /* lmathlib.c */,
				7E7851F729A93581009D2C09 /* lmem.c */,
				7E7851EF29A93581009D2C09 /* loadlib.c */,
				7E78520229A93581009D2C09 /* lobject.c */,
				7E78520729A93581009D2C09 /* lopcodes.c */,
				7E78520129A93581009D2C09 /* loslib.c */,
				7E7851F929A93581009D2C09 /* lparser.c */,
				7E7851FE29A93581009D2C09 /* lstate.c */,
				7E78520029A93581009D2C09 /* lstring.c */,
				7E7851F829A93581009D2C09 /* lstrlib.c */,
				7E7851FB29A93581009D2C09 /* ltable.c */,
				7E78520629A93581009D2C09 /* ltablib.c */,
				7E7851F629A93581009D2C09 /* ltm.c */,
				7E7851F529A93581009D2C09 /* lundump.c */,
				7E7851FC29A93581009D2C09 /* lutf8lib.c */,
				7E7851FF29A93581009D2C09 /* lvm.c */,
				7E7851F429A93581009D2C09 /* lzio.c */,
				7E7851E729A93568009D2C09 /* lua.hpp */,
				7E7851CB29A93554009D2C09 /* lapi.h */,
				7E7851CA29A93554009D2C09 /* lauxlib.h */,
				7E7851C129A93554009D2C09 /* lcode.h */,
				7E7851B729A93554009D2C09 /* lctype.h */,
				7E7851B829A93554009D2C09 /* ldebug.h */,
				7E7851C629A93554009D2C09 /* ldo.h */,
				7E7851B429A93554009D2C09 /* lfunc.h */,
				7E7851B129A93554009D2C09 /* lgc.h */,
				7E7851C529A93554009D2C09 /* ljumptab.h */,
				7E7851BB29A93554009D2C09 /* llex.h */,
				7E7851BD29A93554009D2C09 /* llimits.h */,
				7E7851C829A93554009D2C09 /* lmem.h */,
				7E7851B929A93554009D2C09 /* lobject.h */,
				7E7851B629A93554009D2C09 /* lopcodes.h */,
				7E7851C729A93554009D2C09 /* lopnames.h */,
				7E7851B229A93554009D2C09 /* lparser.h */,
				7E7851BC29A93554009D2C09 /* lprefix.h */,
				7E7851C229A93554009D2C09 /* lstate.h */,
				7E7851B529A93554009D2C09 /* lstring.h */,
				7E7851BA29A93554009D2C09 /* ltable.h */,
				7E7851C429A93554009D2C09 /* ltm.h */,
				7E7851B329A93554009D2C09 /* lua.h */,
				7E7851C029A93554009D2C09 /* luaconf.h */,
				7E7851BE29A93554009D2C09 /* lualib.h */,
				7E7851BF29A93554009D2C09 /* lundump.h */,
				7E7851C929A93554009D2C09 /* lvm.h */,
				7E7851C329A93554009D2C09 /* lzio.h */,
				7E7851AD29A93527009D2C09 /* Products */,
				7E78523629A935D4009D2C09 /* Frameworks */,
			);
			sourceTree = "<group>";
		};
		7E7851AD29A93527009D2C09 /* Products */ = {
			isa = PBXGroup;
			children = (
				7E7851AC29A93527009D2C09 /* libLualib.a */,
				7E78522D29A935AA009D2C09 /* Lua */,
				7E78523C29A935F8009D2C09 /* Luac */,
			);
			name = Products;
			sourceTree = "<group>";
		};
		7E78523629A935D4009D2C09 /* Frameworks */ = {
			isa = PBXGroup;
			children = (
			);
			name = Frameworks;
			sourceTree = "<group>";
		};
/* End PBXGroup section */

/* Begin PBXHeadersBuildPhase section */
		7E7851A829A93527009D2C09 /* Headers */ = {
			isa = PBXHeadersBuildPhase;
			buildActionMask = 2147483647;
			files = (
				7E7851E829A93568009D2C09 /* lua.hpp in Headers */,
				7E7851CC29A93554009D2C09 /* lgc.h in Headers */,
				7E7851CD29A93554009D2C09 /* lparser.h in Headers */,
				7E7851CE29A93554009D2C09 /* lua.h in Headers */,
				7E7851CF29A93554009D2C09 /* lfunc.h in Headers */,
				7E7851D029A93554009D2C09 /* lstring.h in Headers */,
				7E7851D129A93554009D2C09 /* lopcodes.h in Headers */,
				7E7851D229A93554009D2C09 /* lctype.h in Headers */,
				7E7851D329A93554009D2C09 /* ldebug.h in Headers */,
				7E7851D429A93554009D2C09 /* lobject.h in Headers */,
				7E7851D529A93554009D2C09 /* ltable.h in Headers */,
				7E7851D629A93554009D2C09 /* llex.h in Headers */,
				7E7851D729A93554009D2C09 /* lprefix.h in Headers */,
				7E7851D829A93554009D2C09 /* llimits.h in Headers */,
				7E7851D929A93554009D2C09 /* lualib.h in Headers */,
				7E7851DA29A93554009D2C09 /* lundump.h in Headers */,
				7E7851DB29A93554009D2C09 /* luaconf.h in Headers */,
				7E7851DC29A93554009D2C09 /* lcode.h in Headers */,
				7E7851DD29A93554009D2C09 /* lstate.h in Headers */,
				7E7851DE29A93554009D2C09 /* lzio.h in Headers */,
				7E7851DF29A93554009D2C09 /* ltm.h in Headers */,
				7E7851E029A93554009D2C09 /* ljumptab.h in Headers */,
				7E7851E129A93554009D2C09 /* ldo.h in Headers */,
				7E7851E229A93554009D2C09 /* lopnames.h in Headers */,
				7E7851E329A93554009D2C09 /* lmem.h in Headers */,
				7E7851E429A93554009D2C09 /* lvm.h in Headers */,
				7E7851E529A93554009D2C09 /* lauxlib.h in Headers */,
				7E7851E629A93554009D2C09 /* lapi.h in Headers */,
			);
			runOnlyForDeploymentPostprocessing = 0;
		};
/* End PBXHeadersBuildPhase section */

/* Begin PBXNativeTarget section */
		7E7851AB29A93527009D2C09 /* Lualib */ = {
			isa = PBXNativeTarget;
			buildConfigurationList = 7E7851AE29A93527009D2C09 /* Build configuration list for PBXNativeTarget "Lualib" */;
			buildPhases = (
				7E7851A829A93527009D2C09 /* Headers */,
				7E7851A929A93527009D2C09 /* Sources */,
				7E7851AA29A93527009D2C09 /* Frameworks */,
			);
			buildRules = (
			);
			dependencies = (
			);
			name = Lualib;
			productName = Lualib;
			productReference = 7E7851AC29A93527009D2C09 /* libLualib.a */;
			productType = "com.apple.product-type.library.static";
		};
		7E78522C29A935AA009D2C09 /* Lua */ = {
			isa = PBXNativeTarget;
			buildConfigurationList = 7E78523129A935AA009D2C09 /* Build configuration list for PBXNativeTarget "Lua" */;
			buildPhases = (
				7E78522929A935AA009D2C09 /* Sources */,
				7E78522A29A935AA009D2C09 /* Frameworks */,
				7E78522B29A935AA009D2C09 /* CopyFiles */,
			);
			buildRules = (
			);
			dependencies = (
			);
			name = Lua;
			productName = Lua;
			productReference = 7E78522D29A935AA009D2C09 /* Lua */;
			productType = "com.apple.product-type.tool";
		};
		7E78523B29A935F8009D2C09 /* Luac */ = {
			isa = PBXNativeTarget;
			buildConfigurationList = 7E78524029A935F8009D2C09 /* Build configuration list for PBXNativeTarget "Luac" */;
			buildPhases = (
				7E78523829A935F8009D2C09 /* Sources */,
				7E78523929A935F8009D2C09 /* Frameworks */,
				7E78523A29A935F8009D2C09 /* CopyFiles */,
			);
			buildRules = (
			);
			dependencies = (
			);
			name = Luac;
			productName = Luac;
			productReference = 7E78523C29A935F8009D2C09 /* Luac */;
			productType = "com.apple.product-type.tool";
		};
/* End PBXNativeTarget section */

/* Begin PBXProject section */
		7E7851A229A93510009D2C09 /* Project object */ = {
			isa = PBXProject;
			attributes = {
				BuildIndependentTargetsInParallel = 1;
				LastUpgradeCheck = 1310;
				TargetAttributes = {
					7E7851AB29A93527009D2C09 = {
						CreatedOnToolsVersion = 13.1;
					};
					7E78522C29A935AA009D2C09 = {
						CreatedOnToolsVersion = 13.1;
					};
					7E78523B29A935F8009D2C09 = {
						CreatedOnToolsVersion = 13.1;
					};
				};
			};
			buildConfigurationList = 7E7851A529A93510009D2C09 /* Build configuration list for PBXProject "Lua_XCode" */;
			compatibilityVersion = "Xcode 13.0";
			developmentRegion = en;
			hasScannedForEncodings = 0;
			knownRegions = (
				en,
				Base,
			);
			mainGroup = 7E7851A129A93510009D2C09;
			productRefGroup = 7E7851AD29A93527009D2C09 /* Products */;
			projectDirPath = "";
			projectRoot = "";
			targets = (
				7E7851AB29A93527009D2C09 /* Lualib */,
				7E78522C29A935AA009D2C09 /* Lua */,
				7E78523B29A935F8009D2C09 /* Luac */,
			);
		};
/* End PBXProject section */

/* Begin PBXSourcesBuildPhase section */
		7E7851A929A93527009D2C09 /* Sources */ = {
			isa = PBXSourcesBuildPhase;
			buildActionMask = 2147483647;
			files = (
				7E78520929A93582009D2C09 /* llex.c in Sources */,
				7E78520A29A93582009D2C09 /* lctype.c in Sources */,
				7E78520B29A93582009D2C09 /* liolib.c in Sources */,
				7E78520C29A93582009D2C09 /* lfunc.c in Sources */,
				7E78520D29A93582009D2C09 /* lmathlib.c in Sources */,
				7E78520E29A93582009D2C09 /* lcorolib.c in Sources */,
				7E78520F29A93582009D2C09 /* loadlib.c in Sources */,
				7E78521029A93582009D2C09 /* ldblib.c in Sources */,
				7E78521129A93582009D2C09 /* ldump.c in Sources */,
				7E78521229A93582009D2C09 /* ldebug.c in Sources */,
				7E78521329A93582009D2C09 /* lbaselib.c in Sources */,
				7E78521429A93582009D2C09 /* lzio.c in Sources */,
				7E78521529A93582009D2C09 /* lundump.c in Sources */,
				7E78521629A93582009D2C09 /* ltm.c in Sources */,
				7E78521729A93582009D2C09 /* lmem.c in Sources */,
				7E78521829A93582009D2C09 /* lstrlib.c in Sources */,
				7E78521929A93582009D2C09 /* lparser.c in Sources */,
				7E78521A29A93582009D2C09 /* lapi.c in Sources */,
				7E78521B29A93582009D2C09 /* ltable.c in Sources */,
				7E78521C29A93582009D2C09 /* lutf8lib.c in Sources */,
				7E78521D29A93582009D2C09 /* linit.c in Sources */,
				7E78521E29A93582009D2C09 /* lstate.c in Sources */,
				7E78521F29A93582009D2C09 /* lvm.c in Sources */,
				7E78522029A93582009D2C09 /* lstring.c in Sources */,
				7E78522129A93582009D2C09 /* loslib.c in Sources */,
				7E78522229A93582009D2C09 /* lobject.c in Sources */,
				7E78522329A93582009D2C09 /* lcode.c in Sources */,
				7E78522429A93582009D2C09 /* lauxlib.c in Sources */,
				7E78522529A93582009D2C09 /* ldo.c in Sources */,
				7E78522629A93582009D2C09 /* ltablib.c in Sources */,
				7E78522729A93582009D2C09 /* lopcodes.c in Sources */,
				7E78522829A93582009D2C09 /* lgc.c in Sources */,
			);
			runOnlyForDeploymentPostprocessing = 0;
		};
		7E78522929A935AA009D2C09 /* Sources */ = {
			isa = PBXSourcesBuildPhase;
			buildActionMask = 2147483647;
			files = (
				7E78523529A935C4009D2C09 /* lua.c in Sources */,
			);
			runOnlyForDeploymentPostprocessing = 0;
		};
		7E78523829A935F8009D2C09 /* Sources */ = {
			isa = PBXSourcesBuildPhase;
			buildActionMask = 2147483647;
			files = (
				7E78524429A9360D009D2C09 /* luac.c in Sources */,
			);
			runOnlyForDeploymentPostprocessing = 0;
		};
/* End PBXSourcesBuildPhase section */

/* Begin XCBuildConfiguration section */
		7E7851A629A93510009D2C09 /* Debug */ = {
			isa = XCBuildConfiguration;
			buildSettings = {
			};
			name = Debug;
		};
		7E7851A729A93510009D2C09 /* Release */ = {
			isa = XCBuildConfiguration;
			buildSettings = {
			};
			name = Release;
		};
		7E7851AF29A93527009D2C09 /* Debug */ = {
			isa = XCBuildConfiguration;
			buildSettings = {
				ALWAYS_SEARCH_USER_PATHS = NO;
				CLANG_ANALYZER_NONNULL = YES;
				CLANG_ANALYZER_NUMBER_OBJECT_CONVERSION = YES_AGGRESSIVE;
				CLANG_CXX_LANGUAGE_STANDARD = "gnu++17";
				CLANG_CXX_LIBRARY = "libc++";
				CLANG_ENABLE_MODULES = YES;
				CLANG_ENABLE_OBJC_ARC = YES;
				CLANG_ENABLE_OBJC_WEAK = YES;
				CLANG_WARN_BLOCK_CAPTURE_AUTORELEASING = YES;
				CLANG_WARN_BOOL_CONVERSION = YES;
				CLANG_WARN_COMMA = YES;
				CLANG_WARN_CONSTANT_CONVERSION = YES;
				CLANG_WARN_DEPRECATED_OBJC_IMPLEMENTATIONS = YES;
				CLANG_WARN_DIRECT_OBJC_ISA_USAGE = YES_ERROR;
				CLANG_WARN_DOCUMENTATION_COMMENTS = YES;
				CLANG_WARN_EMPTY_BODY = YES;
				CLANG_WARN_ENUM_CONVERSION = YES;
				CLANG_WARN_INFINITE_RECURSION = YES;
				CLANG_WARN_INT_CONVERSION = YES;
				CLANG_WARN_NON_LITERAL_NULL_CONVERSION = YES;
				CLANG_WARN_OBJC_IMPLICIT_RETAIN_SELF = YES;
				CLANG_WARN_OBJC_LITERAL_CONVERSION = YES;
				CLANG_WARN_OBJC_ROOT_CLASS = YES_ERROR;
				CLANG_WARN_QUOTED_INCLUDE_IN_FRAMEWORK_HEADER = YES;
				CLANG_WARN_RANGE_LOOP_ANALYSIS = YES;
				CLANG_WARN_STRICT_PROTOTYPES = YES;
				CLANG_WARN_SUSPICIOUS_MOVE = YES;
				CLANG_WARN_UNGUARDED_AVAILABILITY = YES_AGGRESSIVE;
				CLANG_WARN_UNREACHABLE_CODE = YES;
				CLANG_WARN__DUPLICATE_METHOD_MATCH = YES;
				CODE_SIGN_STYLE = Automatic;
				COPY_PHASE_STRIP = NO;
				DEBUG_INFORMATION_FORMAT = dwarf;
				DEVELOPMENT_TEAM = A5976GQR9B;
				ENABLE_STRICT_OBJC_MSGSEND = YES;
				ENABLE_TESTABILITY = YES;
				EXECUTABLE_PREFIX = lib;
				GCC_C_LANGUAGE_STANDARD = gnu11;
				GCC_DYNAMIC_NO_PIC = NO;
				GCC_NO_COMMON_BLOCKS = YES;
				GCC_OPTIMIZATION_LEVEL = 0;
				GCC_PREPROCESSOR_DEFINITIONS = (
					"DEBUG=1",
					"$(inherited)",
				);
				GCC_WARN_64_TO_32_BIT_CONVERSION = YES;
				GCC_WARN_ABOUT_RETURN_TYPE = YES_ERROR;
				GCC_WARN_UNDECLARED_SELECTOR = YES;
				GCC_WARN_UNINITIALIZED_AUTOS = YES_AGGRESSIVE;
				GCC_WARN_UNUSED_FUNCTION = YES;
				GCC_WARN_UNUSED_VARIABLE = YES;
				MACOSX_DEPLOYMENT_TARGET = 11.7;
				MTL_ENABLE_DEBUG_INFO = INCLUDE_SOURCE;
				MTL_FAST_MATH = YES;
				ONLY_ACTIVE_ARCH = YES;
				PRODUCT_NAME = "$(TARGET_NAME)";
				SDKROOT = macosx;
				SKIP_INSTALL = YES;
			};
			name = Debug;
		};
		7E7851B029A93527009D2C09 /* Release */ = {
			isa = XCBuildConfiguration;
			buildSettings = {
				ALWAYS_SEARCH_USER_PATHS = NO;
				CLANG_ANALYZER_NONNULL = YES;
				CLANG_ANALYZER_NUMBER_OBJECT_CONVERSION = YES_AGGRESSIVE;
				CLANG_CXX_LANGUAGE_STANDARD = "gnu++17";
				CLANG_CXX_LIBRARY = "libc++";
				CLANG_ENABLE_MODULES = YES;
				CLANG_ENABLE_OBJC_ARC = YES;
				CLANG_ENABLE_OBJC_WEAK = YES;
				CLANG_WARN_BLOCK_CAPTURE_AUTORELEASING = YES;
				CLANG_WARN_BOOL_CONVERSION = YES;
				CLANG_WARN_COMMA = YES;
				CLANG_WARN_CONSTANT_CONVERSION = YES;
				CLANG_WARN_DEPRECATED_OBJC_IMPLEMENTATIONS = YES;
				CLANG_WARN_DIRECT_OBJC_ISA_USAGE = YES_ERROR;
				CLANG_WARN_DOCUMENTATION_COMMENTS = YES;
				CLANG_WARN_EMPTY_BODY = YES;
				CLANG_WARN_ENUM_CONVERSION = YES;
				CLANG_WARN_INFINITE_RECURSION = YES;
				CLANG_WARN_INT_CONVERSION = YES;
				CLANG_WARN_NON_LITERAL_NULL_CONVERSION = YES;
				CLANG_WARN_OBJC_IMPLICIT_RETAIN_SELF = YES;
				CLANG_WARN_OBJC_LITERAL_CONVERSION = YES;
				CLANG_WARN_OBJC_ROOT_CLASS = YES_ERROR;
				CLANG_WARN_QUOTED_INCLUDE_IN_FRAMEWORK_HEADER = YES;
				CLANG_WARN_RANGE_LOOP_ANALYSIS = YES;
				CLANG_WARN_STRICT_PROTOTYPES = YES;
				CLANG_WARN_SUSPICIOUS_MOVE = YES;
				CLANG_WARN_UNGUARDED_AVAILABILITY = YES_AGGRESSIVE;
				CLANG_WARN_UNREACHABLE_CODE = YES;
				CLANG_WARN__DUPLICATE_METHOD_MATCH = YES;
				CODE_SIGN_STYLE = Automatic;
				COPY_PHASE_STRIP = NO;
				DEBUG_INFORMATION_FORMAT = "dwarf-with-dsym";
				DEVELOPMENT_TEAM = A5976GQR9B;
				ENABLE_NS_ASSERTIONS = NO;
				ENABLE_STRICT_OBJC_MSGSEND = YES;
				EXECUTABLE_PREFIX = lib;
				GCC_C_LANGUAGE_STANDARD = gnu11;
				GCC_NO_COMMON_BLOCKS = YES;
				GCC_WARN_64_TO_32_BIT_CONVERSION = YES;
				GCC_WARN_ABOUT_RETURN_TYPE = YES_ERROR;
				GCC_WARN_UNDECLARED_SELECTOR = YES;
				GCC_WARN_UNINITIALIZED_AUTOS = YES_AGGRESSIVE;
				GCC_WARN_UNUSED_FUNCTION = YES;
				GCC_WARN_UNUSED_VARIABLE = YES;
				MACOSX_DEPLOYMENT_TARGET = 11.7;
				MTL_ENABLE_DEBUG_INFO = NO;
				MTL_FAST_MATH = YES;
				PRODUCT_NAME = "$(TARGET_NAME)";
				SDKROOT = macosx;
				SKIP_INSTALL = YES;
			};
			name = Release;
		};
		7E78523229A935AA009D2C09 /* Debug */ = {
			isa = XCBuildConfiguration;
			buildSettings = {
				ALWAYS_SEARCH_USER_PATHS = NO;
				CLANG_ANALYZER_NONNULL = YES;
				CLANG_ANALYZER_NUMBER_OBJECT_CONVERSION = YES_AGGRESSIVE;
				CLANG_CXX_LANGUAGE_STANDARD = "gnu++17";
				CLANG_CXX_LIBRARY = "libc++";
				CLANG_ENABLE_MODULES = YES;
				CLANG_ENABLE_OBJC_ARC = YES;
				CLANG_ENABLE_OBJC_WEAK = YES;
				CLANG_WARN_BLOCK_CAPTURE_AUTORELEASING = YES;
				CLANG_WARN_BOOL_CONVERSION = YES;
				CLANG_WARN_COMMA = YES;
				CLANG_WARN_CONSTANT_CONVERSION = YES;
				CLANG_WARN_DEPRECATED_OBJC_IMPLEMENTATIONS = YES;
				CLANG_WARN_DIRECT_OBJC_ISA_USAGE = YES_ERROR;
				CLANG_WARN_DOCUMENTATION_COMMENTS = YES;
				CLANG_WARN_EMPTY_BODY = YES;
				CLANG_WARN_ENUM_CONVERSION = YES;
				CLANG_WARN_INFINITE_RECURSION = YES;
				CLANG_WARN_INT_CONVERSION = YES;
				CLANG_WARN_NON_LITERAL_NULL_CONVERSION = YES;
				CLANG_WARN_OBJC_IMPLICIT_RETAIN_SELF = YES;
				CLANG_WARN_OBJC_LITERAL_CONVERSION = YES;
				CLANG_WARN_OBJC_ROOT_CLASS = YES_ERROR;
				CLANG_WARN_QUOTED_INCLUDE_IN_FRAMEWORK_HEADER = YES;
				CLANG_WARN_RANGE_LOOP_ANALYSIS = YES;
				CLANG_WARN_STRICT_PROTOTYPES = YES;
				CLANG_WARN_SUSPICIOUS_MOVE = YES;
				CLANG_WARN_UNGUARDED_AVAILABILITY = YES_AGGRESSIVE;
				CLANG_WARN_UNREACHABLE_CODE = YES;
				CLANG_WARN__DUPLICATE_METHOD_MATCH = YES;
				CODE_SIGN_STYLE = Automatic;
				COPY_PHASE_STRIP = NO;
				DEBUG_INFORMATION_FORMAT = dwarf;
				DEVELOPMENT_TEAM = A5976GQR9B;
				ENABLE_HARDENED_RUNTIME = YES;
				ENABLE_STRICT_OBJC_MSGSEND = YES;
				ENABLE_TESTABILITY = YES;
				GCC_C_LANGUAGE_STANDARD = gnu11;
				GCC_DYNAMIC_NO_PIC = NO;
				GCC_NO_COMMON_BLOCKS = YES;
				GCC_OPTIMIZATION_LEVEL = 0;
				GCC_PREPROCESSOR_DEFINITIONS = (
					"DEBUG=1",
					"$(inherited)",
				);
				GCC_WARN_64_TO_32_BIT_CONVERSION = YES;
				GCC_WARN_ABOUT_RETURN_TYPE = YES_ERROR;
				GCC_WARN_UNDECLARED_SELECTOR = YES;
				GCC_WARN_UNINITIALIZED_AUTOS = YES_AGGRESSIVE;
				GCC_WARN_UNUSED_FUNCTION = YES;
				GCC_WARN_UNUSED_VARIABLE = YES;
				MACOSX_DEPLOYMENT_TARGET = 11.7;
				MTL_ENABLE_DEBUG_INFO = INCLUDE_SOURCE;
				MTL_FAST_MATH = YES;
				ONLY_ACTIVE_ARCH = YES;
				PRODUCT_NAME = "$(TARGET_NAME)";
				SDKROOT = macosx;
			};
			name = Debug;
		};
		7E78523329A935AA009D2C09 /* Release */ = {
			isa = XCBuildConfiguration;
			buildSettings = {
				ALWAYS_SEARCH_USER_PATHS = NO;
				CLANG_ANALYZER_NONNULL = YES;
				CLANG_ANALYZER_NUMBER_OBJECT_CONVERSION = YES_AGGRESSIVE;
				CLANG_CXX_LANGUAGE_STANDARD = "gnu++17";
				CLANG_CXX_LIBRARY = "libc++";
				CLANG_ENABLE_MODULES = YES;
				CLANG_ENABLE_OBJC_ARC = YES;
				CLANG_ENABLE_OBJC_WEAK = YES;
				CLANG_WARN_BLOCK_CAPTURE_AUTORELEASING = YES;
				CLANG_WARN_BOOL_CONVERSION = YES;
				CLANG_WARN_COMMA = YES;
				CLANG_WARN_CONSTANT_CONVERSION = YES;
				CLANG_WARN_DEPRECATED_OBJC_IMPLEMENTATIONS = YES;
				CLANG_WARN_DIRECT_OBJC_ISA_USAGE = YES_ERROR;
				CLANG_WARN_DOCUMENTATION_COMMENTS = YES;
				CLANG_WARN_EMPTY_BODY = YES;
				CLANG_WARN_ENUM_CONVERSION = YES;
				CLANG_WARN_INFINITE_RECURSION = YES;
				CLANG_WARN_INT_CONVERSION = YES;
				CLANG_WARN_NON_LITERAL_NULL_CONVERSION = YES;
				CLANG_WARN_OBJC_IMPLICIT_RETAIN_SELF = YES;
				CLANG_WARN_OBJC_LITERAL_CONVERSION = YES;
				CLANG_WARN_OBJC_ROOT_CLASS = YES_ERROR;
				CLANG_WARN_QUOTED_INCLUDE_IN_FRAMEWORK_HEADER = YES;
				CLANG_WARN_RANGE_LOOP_ANALYSIS = YES;
				CLANG_WARN_STRICT_PROTOTYPES = YES;
				CLANG_WARN_SUSPICIOUS_MOVE = YES;
				CLANG_WARN_UNGUARDED_AVAILABILITY = YES_AGGRESSIVE;
				CLANG_WARN_UNREACHABLE_CODE = YES;
				CLANG_WARN__DUPLICATE_METHOD_MATCH = YES;
				CODE_SIGN_STYLE = Automatic;
				COPY_PHASE_STRIP = NO;
				DEBUG_INFORMATION_FORMAT = "dwarf-with-dsym";
				DEVELOPMENT_TEAM = A5976GQR9B;
				ENABLE_HARDENED_RUNTIME = YES;
				ENABLE_NS_ASSERTIONS = NO;
				ENABLE_STRICT_OBJC_MSGSEND = YES;
				GCC_C_LANGUAGE_STANDARD = gnu11;
				GCC_NO_COMMON_BLOCKS = YES;
				GCC_WARN_64_TO_32_BIT_CONVERSION = YES;
				GCC_WARN_ABOUT_RETURN_TYPE = YES_ERROR;
				GCC_WARN_UNDECLARED_SELECTOR = YES;
				GCC_WARN_UNINITIALIZED_AUTOS = YES_AGGRESSIVE;
				GCC_WARN_UNUSED_FUNCTION = YES;
				GCC_WARN_UNUSED_VARIABLE = YES;
				MACOSX_DEPLOYMENT_TARGET = 11.7;
				MTL_ENABLE_DEBUG_INFO = NO;
				MTL_FAST_MATH = YES;
				PRODUCT_NAME = "$(TARGET_NAME)";
				SDKROOT = macosx;
			};
			name = Release;
		};
		7E78524129A935F8009D2C09 /* Debug */ = {
			isa = XCBuildConfiguration;
			buildSettings = {
				ALWAYS_SEARCH_USER_PATHS = NO;
				CLANG_ANALYZER_NONNULL = YES;
				CLANG_ANALYZER_NUMBER_OBJECT_CONVERSION = YES_AGGRESSIVE;
				CLANG_CXX_LANGUAGE_STANDARD = "gnu++17";
				CLANG_CXX_LIBRARY = "libc++";
				CLANG_ENABLE_MODULES = YES;
				CLANG_ENABLE_OBJC_ARC = YES;
				CLANG_ENABLE_OBJC_WEAK = YES;
				CLANG_WARN_BLOCK_CAPTURE_AUTORELEASING = YES;
				CLANG_WARN_BOOL_CONVERSION = YES;
				CLANG_WARN_COMMA = YES;
				CLANG_WARN_CONSTANT_CONVERSION = YES;
				CLANG_WARN_DEPRECATED_OBJC_IMPLEMENTATIONS = YES;
				CLANG_WARN_DIRECT_OBJC_ISA_USAGE = YES_ERROR;
				CLANG_WARN_DOCUMENTATION_COMMENTS = YES;
				CLANG_WARN_EMPTY_BODY = YES;
				CLANG_WARN_ENUM_CONVERSION = YES;
				CLANG_WARN_INFINITE_RECURSION = YES;
				CLANG_WARN_INT_CONVERSION = YES;
				CLANG_WARN_NON_LITERAL_NULL_CONVERSION = YES;
				CLANG_WARN_OBJC_IMPLICIT_RETAIN_SELF = YES;
				CLANG_WARN_OBJC_LITERAL_CONVERSION = YES;
				CLANG_WARN_OBJC_ROOT_CLASS = YES_ERROR;
				CLANG_WARN_QUOTED_INCLUDE_IN_FRAMEWORK_HEADER = YES;
				CLANG_WARN_RANGE_LOOP_ANALYSIS = YES;
				CLANG_WARN_STRICT_PROTOTYPES = YES;
				CLANG_WARN_SUSPICIOUS_MOVE = YES;
				CLANG_WARN_UNGUARDED_AVAILABILITY = YES_AGGRESSIVE;
				CLANG_WARN_UNREACHABLE_CODE = YES;
				CLANG_WARN__DUPLICATE_METHOD_MATCH = YES;
				CODE_SIGN_STYLE = Automatic;
				COPY_PHASE_STRIP = NO;
				DEBUG_INFORMATION_FORMAT = dwarf;
				DEVELOPMENT_TEAM = A5976GQR9B;
				ENABLE_HARDENED_RUNTIME = YES;
				ENABLE_STRICT_OBJC_MSGSEND = YES;
				ENABLE_TESTABILITY = YES;
				GCC_C_LANGUAGE_STANDARD = gnu11;
				GCC_DYNAMIC_NO_PIC = NO;
				GCC_NO_COMMON_BLOCKS = YES;
				GCC_OPTIMIZATION_LEVEL = 0;
				GCC_PREPROCESSOR_DEFINITIONS = (
					"DEBUG=1",
					"$(inherited)",
				);
				GCC_WARN_64_TO_32_BIT_CONVERSION = YES;
				GCC_WARN_ABOUT_RETURN_TYPE = YES_ERROR;
				GCC_WARN_UNDECLARED_SELECTOR = YES;
				GCC_WARN_UNINITIALIZED_AUTOS = YES_AGGRESSIVE;
				GCC_WARN_UNUSED_FUNCTION = YES;
				GCC_WARN_UNUSED_VARIABLE = YES;
				MACOSX_DEPLOYMENT_TARGET = 11.7;
				MTL_ENABLE_DEBUG_INFO = INCLUDE_SOURCE;
				MTL_FAST_MATH = YES;
				ONLY_ACTIVE_ARCH = YES;
				PRODUCT_NAME = "$(TARGET_NAME)";
				SDKROOT = macosx;
			};
			name = Debug;
		};
		7E78524229A935F8009D2C09 /* Release */ = {
			isa = XCBuildConfiguration;
			buildSettings = {
				ALWAYS_SEARCH_USER_PATHS = NO;
				CLANG_ANALYZER_NONNULL = YES;
				CLANG_ANALYZER_NUMBER_OBJECT_CONVERSION = YES_AGGRESSIVE;
				CLANG_CXX_LANGUAGE_STANDARD = "gnu++17";
				CLANG_CXX_LIBRARY = "libc++";
				CLANG_ENABLE_MODULES = YES;
				CLANG_ENABLE_OBJC_ARC = YES;
				CLANG_ENABLE_OBJC_WEAK = YES;
				CLANG_WARN_BLOCK_CAPTURE_AUTORELEASING = YES;
				CLANG_WARN_BOOL_CONVERSION = YES;
				CLANG_WARN_COMMA = YES;
				CLANG_WARN_CONSTANT_CONVERSION = YES;
				CLANG_WARN_DEPRECATED_OBJC_IMPLEMENTATIONS = YES;
				CLANG_WARN_DIRECT_OBJC_ISA_USAGE = YES_ERROR;
				CLANG_WARN_DOCUMENTATION_COMMENTS = YES;
				CLANG_WARN_EMPTY_BODY = YES;
				CLANG_WARN_ENUM_CONVERSION = YES;
				CLANG_WARN_INFINITE_RECURSION = YES;
				CLANG_WARN_INT_CONVERSION = YES;
				CLANG_WARN_NON_LITERAL_NULL_CONVERSION = YES;
				CLANG_WARN_OBJC_IMPLICIT_RETAIN_SELF = YES;
				CLANG_WARN_OBJC_LITERAL_CONVERSION = YES;
				CLANG_WARN_OBJC_ROOT_CLASS = YES_ERROR;
				CLANG_WARN_QUOTED_INCLUDE_IN_FRAMEWORK_HEADER = YES;
				CLANG_WARN_RANGE_LOOP_ANALYSIS = YES;
				CLANG_WARN_STRICT_PROTOTYPES = YES;
				CLANG_WARN_SUSPICIOUS_MOVE = YES;
				CLANG_WARN_UNGUARDED_AVAILABILITY = YES_AGGRESSIVE;
				CLANG_WARN_UNREACHABLE_CODE = YES;
				CLANG_WARN__DUPLICATE_METHOD_MATCH = YES;
				CODE_SIGN_STYLE = Automatic;
				COPY_PHASE_STRIP = NO;
				DEBUG_INFORMATION_FORMAT = "dwarf-with-dsym";
				DEVELOPMENT_TEAM = A5976GQR9B;
				ENABLE_HARDENED_RUNTIME = YES;
				ENABLE_NS_ASSERTIONS = NO;
				ENABLE_STRICT_OBJC_MSGSEND = YES;
				GCC_C_LANGUAGE_STANDARD = gnu11;
				GCC_NO_COMMON_BLOCKS = YES;
				GCC_WARN_64_TO_32_BIT_CONVERSION = YES;
				GCC_WARN_ABOUT_RETURN_TYPE = YES_ERROR;
				GCC_WARN_UNDECLARED_SELECTOR = YES;
				GCC_WARN_UNINITIALIZED_AUTOS = YES_AGGRESSIVE;
				GCC_WARN_UNUSED_FUNCTION = YES;
				GCC_WARN_UNUSED_VARIABLE = YES;
				MACOSX_DEPLOYMENT_TARGET = 11.7;
				MTL_ENABLE_DEBUG_INFO = NO;
				MTL_FAST_MATH = YES;
				PRODUCT_NAME = "$(TARGET_NAME)";
				SDKROOT = macosx;
			};
			name = Release;
		};
/* End XCBuildConfiguration section */

/* Begin XCConfigurationList section */
		7E7851A529A93510009D2C09 /* Build configuration list for PBXProject "Lua_XCode" */ = {
			isa = XCConfigurationList;
			buildConfigurations = (
				7E7851A629A93510009D2C09 /* Debug */,
				7E7851A729A93510009D2C09 /* Release */,
			);
			defaultConfigurationIsVisible = 0;
			defaultConfigurationName = Release;
		};
		7E7851AE29A93527009D2C09 /* Build configuration list for PBXNativeTarget "Lualib" */ = {
			isa = XCConfigurationList;
			buildConfigurations = (
				7E7851AF29A93527009D2C09 /* Debug */,
				7E7851B029A93527009D2C09 /* Release */,
			);
			defaultConfigurationIsVisible = 0;
			defaultConfigurationName = Release;
		};
		7E78523129A935AA009D2C09 /* Build configuration list for PBXNativeTarget "Lua" */ = {
			isa = XCConfigurationList;
			buildConfigurations = (
				7E78523229A935AA009D2C09 /* Debug */,
				7E78523329A935AA009D2C09 /* Release */,
			);
			defaultConfigurationIsVisible = 0;
			defaultConfigurationName = Release;
		};
		7E78524029A935F8009D2C09 /* Build configuration list for PBXNativeTarget "Luac" */ = {
			isa = XCConfigurationList;
			buildConfigurations = (
				7E78524129A935F8009D2C09 /* Debug */,
				7E78524229A935F8009D2C09 /* Release */,
			);
			defaultConfigurationIsVisible = 0;
			defaultConfigurationName = Release;
		};
/* End XCConfigurationList section */
	};
	rootObject = 7E7851A229A93510009D2C09 /* Project object */;
}
