
Microsoft Visual Studio Solution File, Format Version 12.00
# Visual Studio Version 16
VisualStudioVersion = 16.0.31727.386
MinimumVisualStudioVersion = 10.0.40219.1
Project("{8BC9CEB8-8B4A-11D0-8D11-00A0C91BC942}") = "HelloWorld", "HelloWorld\HelloWorld.vcxproj", "{278D593C-5A55-4E57-9F91-D30B4AA5D7B7}"
EndProject
Project("{8BC9CEB8-8B4A-11D0-8D11-00A0C91BC942}") = "Lualib", "..\Lua\Lualib\Lualib.vcxproj", "{6E76888E-EAB4-4075-A00C-1025FD2BF56D}"
EndProject
Project("{8BC9CEB8-8B4A-11D0-8D11-00A0C91BC942}") = "Lua", "..\Lua\Lua\Lua.vcxproj", "{0DE99A29-2F74-4288-B637-D7A13DA2DEDD}"
EndProject
Project("{8BC9CEB8-8B4A-11D0-8D11-00A0C91BC942}") = "Luac", "..\Lua\Luac\Luac.vcxproj", "{6C80E0E4-8E09-4D51-9E45-FAA2FDD483AD}"
EndProject
Global
	GlobalSection(SolutionConfigurationPlatforms) = preSolution
		Debug|x64 = Debug|x64
		Debug|x86 = Debug|x86
		Release|x64 = Release|x64
		Release|x86 = Release|x86
	EndGlobalSection
	GlobalSection(ProjectConfigurationPlatforms) = postSolution
		{278D593C-5A55-4E57-9F91-D30B4AA5D7B7}.Debug|x64.ActiveCfg = Debug|x64
		{278D593C-5A55-4E57-9F91-D30B4AA5D7B7}.Debug|x64.Build.0 = Debug|x64
		{278D593C-5A55-4E57-9F91-D30B4AA5D7B7}.Debug|x86.ActiveCfg = Debug|Win32
		{278D593C-5A55-4E57-9F91-D30B4AA5D7B7}.Debug|x86.Build.0 = Debug|Win32
		{278D593C-5A55-4E57-9F91-D30B4AA5D7B7}.Release|x64.ActiveCfg = Release|x64
		{278D593C-5A55-4E57-9F91-D30B4AA5D7B7}.Release|x64.Build.0 = Release|x64
		{278D593C-5A55-4E57-9F91-D30B4AA5D7B7}.Release|x86.ActiveCfg = Release|Win32
		{278D593C-5A55-4E57-9F91-D30B4AA5D7B7}.Release|x86.Build.0 = Release|Win32
		{6E76888E-EAB4-4075-A00C-1025FD2BF56D}.Debug|x64.ActiveCfg = Debug|x64
		{6E76888E-EAB4-4075-A00C-1025FD2BF56D}.Debug|x64.Build.0 = Debug|x64
		{6E76888E-EAB4-4075-A00C-1025FD2BF56D}.Debug|x86.ActiveCfg = Debug|Win32
		{6E76888E-EAB4-4075-A00C-1025FD2BF56D}.Debug|x86.Build.0 = Debug|Win32
		{6E76888E-EAB4-4075-A00C-1025FD2BF56D}.Release|x64.ActiveCfg = Release|x64
		{6E76888E-EAB4-4075-A00C-1025FD2BF56D}.Release|x64.Build.0 = Release|x64
		{6E76888E-EAB4-4075-A00C-1025FD2BF56D}.Release|x86.ActiveCfg = Release|Win32
		{6E76888E-EAB4-4075-A00C-1025FD2BF56D}.Release|x86.Build.0 = Release|Win32
		{0DE99A29-2F74-4288-B637-D7A13DA2DEDD}.Debug|x64.ActiveCfg = Debug|x64
		{0DE99A29-2F74-4288-B637-D7A13DA2DEDD}.Debug|x64.Build.0 = Debug|x64
		{0DE99A29-2F74-4288-B637-D7A13DA2DEDD}.Debug|x86.ActiveCfg = Debug|Win32
		{0DE99A29-2F74-4288-B637-D7A13DA2DEDD}.Debug|x86.Build.0 = Debug|Win32
		{0DE99A29-2F74-4288-B637-D7A13DA2DEDD}.Release|x64.ActiveCfg = Release|x64
		{0DE99A29-2F74-4288-B637-D7A13DA2DEDD}.Release|x64.Build.0 = Release|x64
		{0DE99A29-2F74-4288-B637-D7A13DA2DEDD}.Release|x86.ActiveCfg = Release|Win32
		{0DE99A29-2F74-4288-B637-D7A13DA2DEDD}.Release|x86.Build.0 = Release|Win32
		{6C80E0E4-8E09-4D51-9E45-FAA2FDD483AD}.Debug|x64.ActiveCfg = Debug|x64
		{6C80E0E4-8E09-4D51-9E45-FAA2FDD483AD}.Debug|x64.Build.0 = Debug|x64
		{6C80E0E4-8E09-4D51-9E45-FAA2FDD483AD}.Debug|x86.ActiveCfg = Debug|Win32
		{6C80E0E4-8E09-4D51-9E45-FAA2FDD483AD}.Debug|x86.Build.0 = Debug|Win32
		{6C80E0E4-8E09-4D51-9E45-FAA2FDD483AD}.Release|x64.ActiveCfg = Release|x64
		{6C80E0E4-8E09-4D51-9E45-FAA2FDD483AD}.Release|x64.Build.0 = Release|x64
		{6C80E0E4-8E09-4D51-9E45-FAA2FDD483AD}.Release|x86.ActiveCfg = Release|Win32
		{6C80E0E4-8E09-4D51-9E45-FAA2FDD483AD}.Release|x86.Build.0 = Release|Win32
	EndGlobalSection
	GlobalSection(SolutionProperties) = preSolution
		HideSolutionNode = FALSE
	EndGlobalSection
	GlobalSection(ExtensibilityGlobals) = postSolution
		SolutionGuid = {0318CF12-26CB-4996-840C-0B3148832BA8}
	EndGlobalSection
EndGlobal
