// !$*UTF8*$!
{
	archiveVersion = 1;
	classes = {
	};
	objectVersion = 50;
	objects = {

/* Begin PBXBuildFile section */
		7E774CF029C077EC00B8DC39 /* libLuaLib.a in Frameworks */ = {isa = PBXBuildFile; fileRef = 7E774CE729C077DF00B8DC39 /* libLuaLib.a */; };
		7E774D0029C079BB00B8DC39 /* main.cpp in Sources */ = {isa = PBXBuildFile; fileRef = 7E774CFF29C079BB00B8DC39 /* main.cpp */; };
/* End PBXBuildFile section */

/* Begin PBXContainerItemProxy section */
		7E774CE629C077DF00B8DC39 /* PBXContainerItemProxy */ = {
			isa = PBXContainerItemProxy;
			containerPortal = 7E774CE029C077DF00B8DC39 /* Lua.xcodeproj */;
			proxyType = 2;
			remoteGlobalIDString = 7EA5D6BB29B3505400109CB2;
			remoteInfo = LuaLib;
		};
		7E774CE829C077DF00B8DC39 /* PBXContainerItemProxy */ = {
			isa = PBXContainerItemProxy;
			containerPortal = 7E774CE029C077DF00B8DC39 /* Lua.xcodeproj */;
			proxyType = 2;
			remoteGlobalIDString = 7EA5D74429B351E000109CB2;
			remoteInfo = Luac;
		};
		7E774CEA29C077DF00B8DC39 /* PBXContainerItemProxy */ = {
			isa = PBXContainerItemProxy;
			containerPortal = 7E774CE029C077DF00B8DC39 /* Lua.xcodeproj */;
			proxyType = 2;
			remoteGlobalIDString = 7EA5D76129B352DE00109CB2;
			remoteInfo = Lua;
		};
/* End PBXContainerItemProxy section */

/* Begin PBXCopyFilesBuildPhase section */
		7E774CD129C0779D00B8DC39 /* CopyFiles */ = {
			isa = PBXCopyFilesBuildPhase;
			buildActionMask = 2147483647;
			dstPath = /usr/share/man/man1/;
			dstSubfolderSpec = 0;
			files = (
			);
			runOnlyForDeploymentPostprocessing = 1;
		};
/* End PBXCopyFilesBuildPhase section */

/* Begin PBXFileReference section */
		7E774CD329C0779D00B8DC39 /* HelloWorld */ = {isa = PBXFileReference; explicitFileType = "compiled.mach-o.executable"; includeInIndex = 0; path = HelloWorld; sourceTree = BUILT_PRODUCTS_DIR; };
		7E774CE029C077DF00B8DC39 /* Lua.xcodeproj */ = {isa = PBXFileReference; lastKnownFileType = "wrapper.pb-project"; name = Lua.xcodeproj; path = ../../../../Lua/proj/mac/Lua/Lua.xcodeproj; sourceTree = "<group>"; };
		7E774CFE29C079BB00B8DC39 /* helper_func.h */ = {isa = PBXFileReference; fileEncoding = 4; lastKnownFileType = sourcecode.c.h; name = helper_func.h; path = ../../../src/helper_func.h; sourceTree = "<group>"; };
		7E774CFF29C079BB00B8DC39 /* main.cpp */ = {isa = PBXFileReference; fileEncoding = 4; lastKnownFileType = sourcecode.cpp.cpp; name = main.cpp; path = ../../../src/main.cpp; sourceTree = "<group>"; };
/* End PBXFileReference section */

/* Begin PBXFrameworksBuildPhase section */
		7E774CD029C0779D00B8DC39 /* Frameworks */ = {
			isa = PBXFrameworksBuildPhase;
			buildActionMask = 2147483647;
			files = (
				7E774CF029C077EC00B8DC39 /* libLuaLib.a in Frameworks */,
			);
			runOnlyForDeploymentPostprocessing = 0;
		};
/* End PBXFrameworksBuildPhase section */

/* Begin PBXGroup section */
		7E774CCA29C0779D00B8DC39 = {
			isa = PBXGroup;
			children = (
				7E774CFD29C079AD00B8DC39 /* src */,
				7E774CD429C0779D00B8DC39 /* Products */,
				7E774CDF29C077DF00B8DC39 /* Frameworks */,
			);
			sourceTree = "<group>";
		};
		7E774CD429C0779D00B8DC39 /* Products */ = {
			isa = PBXGroup;
			children = (
				7E774CD329C0779D00B8DC39 /* HelloWorld */,
			);
			name = Products;
			sourceTree = "<group>";
		};
		7E774CDF29C077DF00B8DC39 /* Frameworks */ = {
			isa = PBXGroup;
			children = (
				7E774CE029C077DF00B8DC39 /* Lua.xcodeproj */,
			);
			name = Frameworks;
			sourceTree = "<group>";
		};
		7E774CE129C077DF00B8DC39 /* Products */ = {
			isa = PBXGroup;
			children = (
				7E774CE729C077DF00B8DC39 /* libLuaLib.a */,
				7E774CE929C077DF00B8DC39 /* Luac */,
				7E774CEB29C077DF00B8DC39 /* Lua */,
			);
			name = Products;
			sourceTree = "<group>";
		};
		7E774CFD29C079AD00B8DC39 /* src */ = {
			isa = PBXGroup;
			children = (
				7E774CFE29C079BB00B8DC39 /* helper_func.h */,
				7E774CFF29C079BB00B8DC39 /* main.cpp */,
			);
			name = src;
			sourceTree = "<group>";
		};
/* End PBXGroup section */

/* Begin PBXNativeTarget section */
		7E774CD229C0779D00B8DC39 /* HelloWorld */ = {
			isa = PBXNativeTarget;
			buildConfigurationList = 7E774CDA29C0779D00B8DC39 /* Build configuration list for PBXNativeTarget "HelloWorld" */;
			buildPhases = (
				7E774CCF29C0779D00B8DC39 /* Sources */,
				7E774CD029C0779D00B8DC39 /* Frameworks */,
				7E774CD129C0779D00B8DC39 /* CopyFiles */,
				7E774CF529C0781200B8DC39 /* ShellScript */,
			);
			buildRules = (
			);
			dependencies = (
			);
			name = HelloWorld;
			productName = HelloWorld;
			productReference = 7E774CD329C0779D00B8DC39 /* HelloWorld */;
			productType = "com.apple.product-type.tool";
		};
/* End PBXNativeTarget section */

/* Begin PBXProject section */
		7E774CCB29C0779D00B8DC39 /* Project object */ = {
			isa = PBXProject;
			attributes = {
				LastUpgradeCheck = 1240;
				TargetAttributes = {
					7E774CD229C0779D00B8DC39 = {
						CreatedOnToolsVersion = 12.4;
					};
				};
			};
			buildConfigurationList = 7E774CCE29C0779D00B8DC39 /* Build configuration list for PBXProject "HelloWorld" */;
			compatibilityVersion = "Xcode 9.3";
			developmentRegion = en;
			hasScannedForEncodings = 0;
			knownRegions = (
				en,
				Base,
			);
			mainGroup = 7E774CCA29C0779D00B8DC39;
			productRefGroup = 7E774CD429C0779D00B8DC39 /* Products */;
			projectDirPath = "";
			projectReferences = (
				{
					ProductGroup = 7E774CE129C077DF00B8DC39 /* Products */;
					ProjectRef = 7E774CE029C077DF00B8DC39 /* Lua.xcodeproj */;
				},
			);
			projectRoot = "";
			targets = (
				7E774CD229C0779D00B8DC39 /* HelloWorld */,
			);
		};
/* End PBXProject section */

/* Begin PBXReferenceProxy section */
		7E774CE729C077DF00B8DC39 /* libLuaLib.a */ = {
			isa = PBXReferenceProxy;
			fileType = archive.ar;
			path = libLuaLib.a;
			remoteRef = 7E774CE629C077DF00B8DC39 /* PBXContainerItemProxy */;
			sourceTree = BUILT_PRODUCTS_DIR;
		};
		7E774CE929C077DF00B8DC39 /* Luac */ = {
			isa = PBXReferenceProxy;
			fileType = "compiled.mach-o.executable";
			path = Luac;
			remoteRef = 7E774CE829C077DF00B8DC39 /* PBXContainerItemProxy */;
			sourceTree = BUILT_PRODUCTS_DIR;
		};
		7E774CEB29C077DF00B8DC39 /* Lua */ = {
			isa = PBXReferenceProxy;
			fileType = "compiled.mach-o.executable";
			path = Lua;
			remoteRef = 7E774CEA29C077DF00B8DC39 /* PBXContainerItemProxy */;
			sourceTree = BUILT_PRODUCTS_DIR;
		};
/* End PBXReferenceProxy section */

/* Begin PBXShellScriptBuildPhase section */
		7E774CF529C0781200B8DC39 /* ShellScript */ = {
			isa = PBXShellScriptBuildPhase;
			buildActionMask = 2147483647;
			files = (
			);
			inputFileListPaths = (
			);
			inputPaths = (
			);
			outputFileListPaths = (
			);
			outputPaths = (
			);
			runOnlyForDeploymentPostprocessing = 0;
			shellPath = /bin/sh;
			shellScript = "# Type a script or drag a script file from your workspace to insert its path.\ncp -f -R \"${PROJECT_DIR}/../../../res/.\" \"${BUILT_PRODUCTS_DIR}/res\"\n";
		};
/* End PBXShellScriptBuildPhase section */

/* Begin PBXSourcesBuildPhase section */
		7E774CCF29C0779D00B8DC39 /* Sources */ = {
			isa = PBXSourcesBuildPhase;
			buildActionMask = 2147483647;
			files = (
				7E774D0029C079BB00B8DC39 /* main.cpp in Sources */,
			);
			runOnlyForDeploymentPostprocessing = 0;
		};
/* End PBXSourcesBuildPhase section */

/* Begin XCBuildConfiguration section */
		7E774CD829C0779D00B8DC39 /* Debug */ = {
			isa = XCBuildConfiguration;
			buildSettings = {
				ALWAYS_SEARCH_USER_PATHS = NO;
				CLANG_ANALYZER_NONNULL = YES;
				CLANG_ANALYZER_NUMBER_OBJECT_CONVERSION = YES_AGGRESSIVE;
				CLANG_CXX_LANGUAGE_STANDARD = "c++17";
				CLANG_CXX_LIBRARY = "libc++";
				CLANG_ENABLE_MODULES = YES;
				CLANG_ENABLE_OBJC_ARC = YES;
				CLANG_ENABLE_OBJC_WEAK = YES;
				CLANG_WARN_BLOCK_CAPTURE_AUTORELEASING = YES;
				CLANG_WARN_BOOL_CONVERSION = YES;
				CLANG_WARN_COMMA = YES;
				CLANG_WARN_CONSTANT_CONVERSION = YES;
				CLANG_WARN_DEPRECATED_OBJC_IMPLEMENTATIONS = YES;
				CLANG_WARN_DIRECT_OBJC_ISA_USAGE = YES_ERROR;
				CLANG_WARN_DOCUMENTATION_COMMENTS = YES;
				CLANG_WARN_EMPTY_BODY = YES;
				CLANG_WARN_ENUM_CONVERSION = YES;
				CLANG_WARN_INFINITE_RECURSION = YES;
				CLANG_WARN_INT_CONVERSION = YES;
				CLANG_WARN_NON_LITERAL_NULL_CONVERSION = YES;
				CLANG_WARN_OBJC_IMPLICIT_RETAIN_SELF = YES;
				CLANG_WARN_OBJC_LITERAL_CONVERSION = YES;
				CLANG_WARN_OBJC_ROOT_CLASS = YES_ERROR;
				CLANG_WARN_QUOTED_INCLUDE_IN_FRAMEWORK_HEADER = YES;
				CLANG_WARN_RANGE_LOOP_ANALYSIS = YES;
				CLANG_WARN_STRICT_PROTOTYPES = YES;
				CLANG_WARN_SUSPICIOUS_MOVE = YES;
				CLANG_WARN_UNGUARDED_AVAILABILITY = YES_AGGRESSIVE;
				CLANG_WARN_UNREACHABLE_CODE = YES;
				CLANG_WARN__DUPLICATE_METHOD_MATCH = YES;
				COPY_PHASE_STRIP = NO;
				DEBUG_INFORMATION_FORMAT = dwarf;
				ENABLE_STRICT_OBJC_MSGSEND = YES;
				ENABLE_TESTABILITY = YES;
				GCC_C_LANGUAGE_STANDARD = gnu11;
				GCC_DYNAMIC_NO_PIC = NO;
				GCC_NO_COMMON_BLOCKS = YES;
				GCC_OPTIMIZATION_LEVEL = 0;
				GCC_PREPROCESSOR_DEFINITIONS = (
					"DEBUG=1",
					"$(inherited)",
				);
				GCC_WARN_64_TO_32_BIT_CONVERSION = YES;
				GCC_WARN_ABOUT_RETURN_TYPE = YES_ERROR;
				GCC_WARN_UNDECLARED_SELECTOR = YES;
				GCC_WARN_UNINITIALIZED_AUTOS = YES_AGGRESSIVE;
				GCC_WARN_UNUSED_FUNCTION = YES;
				GCC_WARN_UNUSED_VARIABLE = YES;
				MACOSX_DEPLOYMENT_TARGET = 10.15;
				MTL_ENABLE_DEBUG_INFO = INCLUDE_SOURCE;
				MTL_FAST_MATH = YES;
				ONLY_ACTIVE_ARCH = YES;
				SDKROOT = macosx;
			};
			name = Debug;
		};
		7E774CD929C0779D00B8DC39 /* Release */ = {
			isa = XCBuildConfiguration;
			buildSettings = {
				ALWAYS_SEARCH_USER_PATHS = NO;
				CLANG_ANALYZER_NONNULL = YES;
				CLANG_ANALYZER_NUMBER_OBJECT_CONVERSION = YES_AGGRESSIVE;
				CLANG_CXX_LANGUAGE_STANDARD = "c++17";
				CLANG_CXX_LIBRARY = "libc++";
				CLANG_ENABLE_MODULES = YES;
				CLANG_ENABLE_OBJC_ARC = YES;
				CLANG_ENABLE_OBJC_WEAK = YES;
				CLANG_WARN_BLOCK_CAPTURE_AUTORELEASING = YES;
				CLANG_WARN_BOOL_CONVERSION = YES;
				CLANG_WARN_COMMA = YES;
				CLANG_WARN_CONSTANT_CONVERSION = YES;
				CLANG_WARN_DEPRECATED_OBJC_IMPLEMENTATIONS = YES;
				CLANG_WARN_DIRECT_OBJC_ISA_USAGE = YES_ERROR;
				CLANG_WARN_DOCUMENTATION_COMMENTS = YES;
				CLANG_WARN_EMPTY_BODY = YES;
				CLANG_WARN_ENUM_CONVERSION = YES;
				CLANG_WARN_INFINITE_RECURSION = YES;
				CLANG_WARN_INT_CONVERSION = YES;
				CLANG_WARN_NON_LITERAL_NULL_CONVERSION = YES;
				CLANG_WARN_OBJC_IMPLICIT_RETAIN_SELF = YES;
				CLANG_WARN_OBJC_LITERAL_CONVERSION = YES;
				CLANG_WARN_OBJC_ROOT_CLASS = YES_ERROR;
				CLANG_WARN_QUOTED_INCLUDE_IN_FRAMEWORK_HEADER = YES;
				CLANG_WARN_RANGE_LOOP_ANALYSIS = YES;
				CLANG_WARN_STRICT_PROTOTYPES = YES;
				CLANG_WARN_SUSPICIOUS_MOVE = YES;
				CLANG_WARN_UNGUARDED_AVAILABILITY = YES_AGGRESSIVE;
				CLANG_WARN_UNREACHABLE_CODE = YES;
				CLANG_WARN__DUPLICATE_METHOD_MATCH = YES;
				COPY_PHASE_STRIP = NO;
				DEBUG_INFORMATION_FORMAT = "dwarf-with-dsym";
				ENABLE_NS_ASSERTIONS = NO;
				ENABLE_STRICT_OBJC_MSGSEND = YES;
				GCC_C_LANGUAGE_STANDARD = gnu11;
				GCC_NO_COMMON_BLOCKS = YES;
				GCC_WARN_64_TO_32_BIT_CONVERSION = YES;
				GCC_WARN_ABOUT_RETURN_TYPE = YES_ERROR;
				GCC_WARN_UNDECLARED_SELECTOR = YES;
				GCC_WARN_UNINITIALIZED_AUTOS = YES_AGGRESSIVE;
				GCC_WARN_UNUSED_FUNCTION = YES;
				GCC_WARN_UNUSED_VARIABLE = YES;
				MACOSX_DEPLOYMENT_TARGET = 10.15;
				MTL_ENABLE_DEBUG_INFO = NO;
				MTL_FAST_MATH = YES;
				SDKROOT = macosx;
			};
			name = Release;
		};
		7E774CDB29C0779D00B8DC39 /* Debug */ = {
			isa = XCBuildConfiguration;
			buildSettings = {
				CODE_SIGN_STYLE = Automatic;
				PRODUCT_NAME = "$(TARGET_NAME)";
				USER_HEADER_SEARCH_PATHS = ../../../../Lua/src;
			};
			name = Debug;
		};
		7E774CDC29C0779D00B8DC39 /* Release */ = {
			isa = XCBuildConfiguration;
			buildSettings = {
				CODE_SIGN_STYLE = Automatic;
				PRODUCT_NAME = "$(TARGET_NAME)";
				USER_HEADER_SEARCH_PATHS = ../../../../Lua/src;
			};
			name = Release;
		};
/* End XCBuildConfiguration section */

/* Begin XCConfigurationList section */
		7E774CCE29C0779D00B8DC39 /* Build configuration list for PBXProject "HelloWorld" */ = {
			isa = XCConfigurationList;
			buildConfigurations = (
				7E774CD829C0779D00B8DC39 /* Debug */,
				7E774CD929C0779D00B8DC39 /* Release */,
			);
			defaultConfigurationIsVisible = 0;
			defaultConfigurationName = Release;
		};
		7E774CDA29C0779D00B8DC39 /* Build configuration list for PBXNativeTarget "HelloWorld" */ = {
			isa = XCConfigurationList;
			buildConfigurations = (
				7E774CDB29C0779D00B8DC39 /* Debug */,
				7E774CDC29C0779D00B8DC39 /* Release */,
			);
			defaultConfigurationIsVisible = 0;
			defaultConfigurationName = Release;
		};
/* End XCConfigurationList section */
	};
	rootObject = 7E774CCB29C0779D00B8DC39 /* Project object */;
}
